
Microsoft Visual Studio Solution File, Format Version 12.00
# Visual Studio Version 16
VisualStudioVersion = 16.0.32106.194
MinimumVisualStudioVersion = 10.0.40219.1
Project("{9A19103F-16F7-4668-BE54-9A1E7A4F7556}") = "code-name-board-game", "code-name-board-game.csproj", "{1438692F-317F-4A01-89A0-7EBA851BFFEA}"
EndProject
Project("{FAE04EC0-301F-11D3-BF4B-00C04F79EFBC}") = "Board game unit tests", "..\Board game unit tests\Board game unit tests.csproj", "{1CE187C9-10DB-4AED-982B-407979D75BB6}"
EndProject
Global
	GlobalSection(SolutionConfigurationPlatforms) = preSolution
		Debug|Any CPU = Debug|Any CPU
		Release|Any CPU = Release|Any CPU
	EndGlobalSection
	GlobalSection(ProjectConfigurationPlatforms) = postSolution
		{1438692F-317F-4A01-89A0-7EBA851BFFEA}.Debug|Any CPU.ActiveCfg = Debug|Any CPU
		{1438692F-317F-4A01-89A0-7EBA851BFFEA}.Debug|Any CPU.Build.0 = Debug|Any CPU
		{1438692F-317F-4A01-89A0-7EBA851BFFEA}.Release|Any CPU.ActiveCfg = Release|Any CPU
		{1438692F-317F-4A01-89A0-7EBA851BFFEA}.Release|Any CPU.Build.0 = Release|Any CPU
		{1CE187C9-10DB-4AED-982B-407979D75BB6}.Debug|Any CPU.ActiveCfg = Debug|Any CPU
		{1CE187C9-10DB-4AED-982B-407979D75BB6}.Debug|Any CPU.Build.0 = Debug|Any CPU
		{1CE187C9-10DB-4AED-982B-407979D75BB6}.Release|Any CPU.ActiveCfg = Release|Any CPU
		{1CE187C9-10DB-4AED-982B-407979D75BB6}.Release|Any CPU.Build.0 = Release|Any CPU
	EndGlobalSection
	GlobalSection(SolutionProperties) = preSolution
		HideSolutionNode = FALSE
	EndGlobalSection
	GlobalSection(ExtensibilityGlobals) = postSolution
		SolutionGuid = {58E20C6F-8F04-40B4-B018-F92B3AE5E947}
	EndGlobalSection
EndGlobal
